
Microsoft Visual Studio Solution File, Format Version 12.00
# Visual Studio Version 17
VisualStudioVersion = 17.14.36518.9
MinimumVisualStudioVersion = 10.0.40219.1
Project("{8BC9CEB8-8B4A-11D0-8D11-00A0C91BC942}") = "AtomicFaceCam", "build\vs\AtomicFaceCam.vcxproj", "{F31F509B-F4BE-4BF0-9C08-5F8A090FFE0A}"
EndProject
Global
	GlobalSection(SolutionConfigurationPlatforms) = preSolution
		Debug|x64 = Debug|x64
		Debug|x86 = Debug|x86
		Portable|x64 = Portable|x64
		Portable|x86 = Portable|x86
		Release|x64 = Release|x64
		Release|x86 = Release|x86
	EndGlobalSection
	GlobalSection(ProjectConfigurationPlatforms) = postSolution
		{F31F509B-F4BE-4BF0-9C08-5F8A090FFE0A}.Debug|x64.ActiveCfg = Debug|x64
		{F31F509B-F4BE-4BF0-9C08-5F8A090FFE0A}.Debug|x64.Build.0 = Debug|x64
		{F31F509B-F4BE-4BF0-9C08-5F8A090FFE0A}.Debug|x86.ActiveCfg = Debug|Win32
		{F31F509B-F4BE-4BF0-9C08-5F8A090FFE0A}.Debug|x86.Build.0 = Debug|Win32
		{F31F509B-F4BE-4BF0-9C08-5F8A090FFE0A}.Portable|x64.ActiveCfg = Portable|x64
		{F31F509B-F4BE-4BF0-9C08-5F8A090FFE0A}.Portable|x64.Build.0 = Portable|x64
		{F31F509B-F4BE-4BF0-9C08-5F8A090FFE0A}.Portable|x86.ActiveCfg = Portable|Win32
		{F31F509B-F4BE-4BF0-9C08-5F8A090FFE0A}.Portable|x86.Build.0 = Portable|Win32
		{F31F509B-F4BE-4BF0-9C08-5F8A090FFE0A}.Release|x64.ActiveCfg = Release|x64
		{F31F509B-F4BE-4BF0-9C08-5F8A090FFE0A}.Release|x64.Build.0 = Release|x64
		{F31F509B-F4BE-4BF0-9C08-5F8A090FFE0A}.Release|x86.ActiveCfg = Release|Win32
		{F31F509B-F4BE-4BF0-9C08-5F8A090FFE0A}.Release|x86.Build.0 = Release|Win32
	EndGlobalSection
	GlobalSection(SolutionProperties) = preSolution
		HideSolutionNode = FALSE
	EndGlobalSection
	GlobalSection(ExtensibilityGlobals) = postSolution
		SolutionGuid = {943D324C-BC67-4D22-AD32-BCC58002C741}
	EndGlobalSection
EndGlobal
